
Microsoft Visual Studio Solution File, Format Version 12.00
# Visual Studio Version 17
VisualStudioVersion = 17.6.33829.357
MinimumVisualStudioVersion = 10.0.40219.1
Project("{9A19103F-16F7-4668-BE54-9A1E7A4F7556}") = "ejercicio1", "ejercicio1\ejercicio1.csproj", "{BE7DC7A7-A1AC-4E40-B121-780250455C30}"
EndProject
Project("{9A19103F-16F7-4668-BE54-9A1E7A4F7556}") = "ejercicio2", "ejercicio2\ejercicio2.csproj", "{6814488F-6A94-436B-BEEC-CB778C4F9B33}"
EndProject
Global
	GlobalSection(SolutionConfigurationPlatforms) = preSolution
		Debug|Any CPU = Debug|Any CPU
		Release|Any CPU = Release|Any CPU
	EndGlobalSection
	GlobalSection(ProjectConfigurationPlatforms) = postSolution
		{BE7DC7A7-A1AC-4E40-B121-780250455C30}.Debug|Any CPU.ActiveCfg = Debug|Any CPU
		{BE7DC7A7-A1AC-4E40-B121-780250455C30}.Debug|Any CPU.Build.0 = Debug|Any CPU
		{BE7DC7A7-A1AC-4E40-B121-780250455C30}.Release|Any CPU.ActiveCfg = Release|Any CPU
		{BE7DC7A7-A1AC-4E40-B121-780250455C30}.Release|Any CPU.Build.0 = Release|Any CPU
		{6814488F-6A94-436B-BEEC-CB778C4F9B33}.Debug|Any CPU.ActiveCfg = Debug|Any CPU
		{6814488F-6A94-436B-BEEC-CB778C4F9B33}.Debug|Any CPU.Build.0 = Debug|Any CPU
		{6814488F-6A94-436B-BEEC-CB778C4F9B33}.Release|Any CPU.ActiveCfg = Release|Any CPU
		{6814488F-6A94-436B-BEEC-CB778C4F9B33}.Release|Any CPU.Build.0 = Release|Any CPU
	EndGlobalSection
	GlobalSection(SolutionProperties) = preSolution
		HideSolutionNode = FALSE
	EndGlobalSection
	GlobalSection(ExtensibilityGlobals) = postSolution
		SolutionGuid = {20D7E9CA-70A3-4E1A-8EE8-98642D907604}
	EndGlobalSection
EndGlobal
